// !$*UTF8*$!
{
	archiveVersion = 1;
	classes = {
	};
	objectVersion = 56;
	objects = {

/* Begin PBXBuildFile section */
		2017EA572A72EF2400F5F91E /* ScrumdingerApp.swift in Sources */ = {isa = PBXBuildFile; fileRef = 2017EA562A72EF2400F5F91E /* ScrumdingerApp.swift */; };
		2017EA592A72EF2400F5F91E /* MeetingView.swift in Sources */ = {isa = PBXBuildFile; fileRef = 2017EA582A72EF2400F5F91E /* MeetingView.swift */; };
		2017EA5B2A72EF2600F5F91E /* Assets.xcassets in Resources */ = {isa = PBXBuildFile; fileRef = 2017EA5A2A72EF2600F5F91E /* Assets.xcassets */; };
		2017EA5E2A72EF2600F5F91E /* Preview Assets.xcassets in Resources */ = {isa = PBXBuildFile; fileRef = 2017EA5D2A72EF2600F5F91E /* Preview Assets.xcassets */; };
		2017EA682A72EF2700F5F91E /* ScrumdingerTests.swift in Sources */ = {isa = PBXBuildFile; fileRef = 2017EA672A72EF2700F5F91E /* ScrumdingerTests.swift */; };
		2017EA722A72EF2700F5F91E /* ScrumdingerUITests.swift in Sources */ = {isa = PBXBuildFile; fileRef = 2017EA712A72EF2700F5F91E /* ScrumdingerUITests.swift */; };
		2017EA742A72EF2700F5F91E /* ScrumdingerUITestsLaunchTests.swift in Sources */ = {isa = PBXBuildFile; fileRef = 2017EA732A72EF2700F5F91E /* ScrumdingerUITestsLaunchTests.swift */; };
		2017EA842A72FE9100F5F91E /* Theme.swift in Sources */ = {isa = PBXBuildFile; fileRef = 2017EA832A72FE9100F5F91E /* Theme.swift */; };
		2017EA862A7300F000F5F91E /* DailyScrum.swift in Sources */ = {isa = PBXBuildFile; fileRef = 2017EA852A7300F000F5F91E /* DailyScrum.swift */; };
		2017EA882A73024600F5F91E /* CardView.swift in Sources */ = {isa = PBXBuildFile; fileRef = 2017EA872A73024600F5F91E /* CardView.swift */; };
		20B460B62A7311D400B6287E /* TrailingIconLabelStyle.swift in Sources */ = {isa = PBXBuildFile; fileRef = 20B460B52A7311D400B6287E /* TrailingIconLabelStyle.swift */; };
		20B460BA2A7316BE00B6287E /* README.md in Resources */ = {isa = PBXBuildFile; fileRef = 20B460B92A7316BE00B6287E /* README.md */; };
		20B460BC2A7317AF00B6287E /* ScrumsView.swift in Sources */ = {isa = PBXBuildFile; fileRef = 20B460BB2A7317AF00B6287E /* ScrumsView.swift */; };
		20B460BE2A73204600B6287E /* DetailView.swift in Sources */ = {isa = PBXBuildFile; fileRef = 20B460BD2A73204600B6287E /* DetailView.swift */; };
/* End PBXBuildFile section */

/* Begin PBXContainerItemProxy section */
		2017EA642A72EF2700F5F91E /* PBXContainerItemProxy */ = {
			isa = PBXContainerItemProxy;
			containerPortal = 2017EA4B2A72EF2400F5F91E /* Project object */;
			proxyType = 1;
			remoteGlobalIDString = 2017EA522A72EF2400F5F91E;
			remoteInfo = Scrumdinger;
		};
		2017EA6E2A72EF2700F5F91E /* PBXContainerItemProxy */ = {
			isa = PBXContainerItemProxy;
			containerPortal = 2017EA4B2A72EF2400F5F91E /* Project object */;
			proxyType = 1;
			remoteGlobalIDString = 2017EA522A72EF2400F5F91E;
			remoteInfo = Scrumdinger;
		};
/* End PBXContainerItemProxy section */

/* Begin PBXFileReference section */
		2017EA532A72EF2400F5F91E /* Scrumdinger.app */ = {isa = PBXFileReference; explicitFileType = wrapper.application; includeInIndex = 0; path = Scrumdinger.app; sourceTree = BUILT_PRODUCTS_DIR; };
		2017EA562A72EF2400F5F91E /* ScrumdingerApp.swift */ = {isa = PBXFileReference; lastKnownFileType = sourcecode.swift; path = ScrumdingerApp.swift; sourceTree = "<group>"; };
		2017EA582A72EF2400F5F91E /* MeetingView.swift */ = {isa = PBXFileReference; lastKnownFileType = sourcecode.swift; path = MeetingView.swift; sourceTree = "<group>"; };
		2017EA5A2A72EF2600F5F91E /* Assets.xcassets */ = {isa = PBXFileReference; lastKnownFileType = folder.assetcatalog; path = Assets.xcassets; sourceTree = "<group>"; };
		2017EA5D2A72EF2600F5F91E /* Preview Assets.xcassets */ = {isa = PBXFileReference; lastKnownFileType = folder.assetcatalog; path = "Preview Assets.xcassets"; sourceTree = "<group>"; };
		2017EA632A72EF2700F5F91E /* ScrumdingerTests.xctest */ = {isa = PBXFileReference; explicitFileType = wrapper.cfbundle; includeInIndex = 0; path = ScrumdingerTests.xctest; sourceTree = BUILT_PRODUCTS_DIR; };
		2017EA672A72EF2700F5F91E /* ScrumdingerTests.swift */ = {isa = PBXFileReference; lastKnownFileType = sourcecode.swift; path = ScrumdingerTests.swift; sourceTree = "<group>"; };
		2017EA6D2A72EF2700F5F91E /* ScrumdingerUITests.xctest */ = {isa = PBXFileReference; explicitFileType = wrapper.cfbundle; includeInIndex = 0; path = ScrumdingerUITests.xctest; sourceTree = BUILT_PRODUCTS_DIR; };
		2017EA712A72EF2700F5F91E /* ScrumdingerUITests.swift */ = {isa = PBXFileReference; lastKnownFileType = sourcecode.swift; path = ScrumdingerUITests.swift; sourceTree = "<group>"; };
		2017EA732A72EF2700F5F91E /* ScrumdingerUITestsLaunchTests.swift */ = {isa = PBXFileReference; lastKnownFileType = sourcecode.swift; path = ScrumdingerUITestsLaunchTests.swift; sourceTree = "<group>"; };
		2017EA832A72FE9100F5F91E /* Theme.swift */ = {isa = PBXFileReference; lastKnownFileType = sourcecode.swift; path = Theme.swift; sourceTree = "<group>"; };
		2017EA852A7300F000F5F91E /* DailyScrum.swift */ = {isa = PBXFileReference; lastKnownFileType = sourcecode.swift; path = DailyScrum.swift; sourceTree = "<group>"; };
		2017EA872A73024600F5F91E /* CardView.swift */ = {isa = PBXFileReference; lastKnownFileType = sourcecode.swift; path = CardView.swift; sourceTree = "<group>"; };
		20B460B52A7311D400B6287E /* TrailingIconLabelStyle.swift */ = {isa = PBXFileReference; lastKnownFileType = sourcecode.swift; path = TrailingIconLabelStyle.swift; sourceTree = "<group>"; };
		20B460B92A7316BE00B6287E /* README.md */ = {isa = PBXFileReference; lastKnownFileType = net.daringfireball.markdown; path = README.md; sourceTree = "<group>"; };
		20B460BB2A7317AF00B6287E /* ScrumsView.swift */ = {isa = PBXFileReference; lastKnownFileType = sourcecode.swift; path = ScrumsView.swift; sourceTree = "<group>"; };
		20B460BD2A73204600B6287E /* DetailView.swift */ = {isa = PBXFileReference; lastKnownFileType = sourcecode.swift; path = DetailView.swift; sourceTree = "<group>"; };
/* End PBXFileReference section */

/* Begin PBXFrameworksBuildPhase section */
		2017EA502A72EF2400F5F91E /* Frameworks */ = {
			isa = PBXFrameworksBuildPhase;
			buildActionMask = 2147483647;
			files = (
			);
			runOnlyForDeploymentPostprocessing = 0;
		};
		2017EA602A72EF2700F5F91E /* Frameworks */ = {
			isa = PBXFrameworksBuildPhase;
			buildActionMask = 2147483647;
			files = (
			);
			runOnlyForDeploymentPostprocessing = 0;
		};
		2017EA6A2A72EF2700F5F91E /* Frameworks */ = {
			isa = PBXFrameworksBuildPhase;
			buildActionMask = 2147483647;
			files = (
			);
			runOnlyForDeploymentPostprocessing = 0;
		};
/* End PBXFrameworksBuildPhase section */

/* Begin PBXGroup section */
		2017EA4A2A72EF2400F5F91E = {
			isa = PBXGroup;
			children = (
				20B460B92A7316BE00B6287E /* README.md */,
				2017EA552A72EF2400F5F91E /* Scrumdinger */,
				2017EA662A72EF2700F5F91E /* ScrumdingerTests */,
				2017EA702A72EF2700F5F91E /* ScrumdingerUITests */,
				2017EA542A72EF2400F5F91E /* Products */,
			);
			sourceTree = "<group>";
		};
		2017EA542A72EF2400F5F91E /* Products */ = {
			isa = PBXGroup;
			children = (
				2017EA532A72EF2400F5F91E /* Scrumdinger.app */,
				2017EA632A72EF2700F5F91E /* ScrumdingerTests.xctest */,
				2017EA6D2A72EF2700F5F91E /* ScrumdingerUITests.xctest */,
			);
			name = Products;
			sourceTree = "<group>";
		};
		2017EA552A72EF2400F5F91E /* Scrumdinger */ = {
			isa = PBXGroup;
			children = (
				2017EA802A72FE1A00F5F91E /* Models */,
				2017EA562A72EF2400F5F91E /* ScrumdingerApp.swift */,
				20B460BB2A7317AF00B6287E /* ScrumsView.swift */,
				2017EA582A72EF2400F5F91E /* MeetingView.swift */,
				2017EA872A73024600F5F91E /* CardView.swift */,
				2017EA5A2A72EF2600F5F91E /* Assets.xcassets */,
				2017EA5C2A72EF2600F5F91E /* Preview Content */,
				20B460BD2A73204600B6287E /* DetailView.swift */,
			);
			path = Scrumdinger;
			sourceTree = "<group>";
		};
		2017EA5C2A72EF2600F5F91E /* Preview Content */ = {
			isa = PBXGroup;
			children = (
				2017EA5D2A72EF2600F5F91E /* Preview Assets.xcassets */,
			);
			path = "Preview Content";
			sourceTree = "<group>";
		};
		2017EA662A72EF2700F5F91E /* ScrumdingerTests */ = {
			isa = PBXGroup;
			children = (
				2017EA672A72EF2700F5F91E /* ScrumdingerTests.swift */,
			);
			path = ScrumdingerTests;
			sourceTree = "<group>";
		};
		2017EA702A72EF2700F5F91E /* ScrumdingerUITests */ = {
			isa = PBXGroup;
			children = (
				2017EA712A72EF2700F5F91E /* ScrumdingerUITests.swift */,
				2017EA732A72EF2700F5F91E /* ScrumdingerUITestsLaunchTests.swift */,
			);
			path = ScrumdingerUITests;
			sourceTree = "<group>";
		};
		2017EA802A72FE1A00F5F91E /* Models */ = {
			isa = PBXGroup;
			children = (
				2017EA832A72FE9100F5F91E /* Theme.swift */,
				2017EA852A7300F000F5F91E /* DailyScrum.swift */,
				20B460B52A7311D400B6287E /* TrailingIconLabelStyle.swift */,
			);
			path = Models;
			sourceTree = "<group>";
		};
/* End PBXGroup section */

/* Begin PBXNativeTarget section */
		2017EA522A72EF2400F5F91E /* Scrumdinger */ = {
			isa = PBXNativeTarget;
			buildConfigurationList = 2017EA772A72EF2700F5F91E /* Build configuration list for PBXNativeTarget "Scrumdinger" */;
			buildPhases = (
				2017EA4F2A72EF2400F5F91E /* Sources */,
				2017EA502A72EF2400F5F91E /* Frameworks */,
				2017EA512A72EF2400F5F91E /* Resources */,
			);
			buildRules = (
			);
			dependencies = (
			);
			name = Scrumdinger;
			productName = Scrumdinger;
			productReference = 2017EA532A72EF2400F5F91E /* Scrumdinger.app */;
			productType = "com.apple.product-type.application";
		};
		2017EA622A72EF2700F5F91E /* ScrumdingerTests */ = {
			isa = PBXNativeTarget;
			buildConfigurationList = 2017EA7A2A72EF2700F5F91E /* Build configuration list for PBXNativeTarget "ScrumdingerTests" */;
			buildPhases = (
				2017EA5F2A72EF2700F5F91E /* Sources */,
				2017EA602A72EF2700F5F91E /* Frameworks */,
				2017EA612A72EF2700F5F91E /* Resources */,
			);
			buildRules = (
			);
			dependencies = (
				2017EA652A72EF2700F5F91E /* PBXTargetDependency */,
			);
			name = ScrumdingerTests;
			productName = ScrumdingerTests;
			productReference = 2017EA632A72EF2700F5F91E /* ScrumdingerTests.xctest */;
			productType = "com.apple.product-type.bundle.unit-test";
		};
		2017EA6C2A72EF2700F5F91E /* ScrumdingerUITests */ = {
			isa = PBXNativeTarget;
			buildConfigurationList = 2017EA7D2A72EF2700F5F91E /* Build configuration list for PBXNativeTarget "ScrumdingerUITests" */;
			buildPhases = (
				2017EA692A72EF2700F5F91E /* Sources */,
				2017EA6A2A72EF2700F5F91E /* Frameworks */,
				2017EA6B2A72EF2700F5F91E /* Resources */,
			);
			buildRules = (
			);
			dependencies = (
				2017EA6F2A72EF2700F5F91E /* PBXTargetDependency */,
			);
			name = ScrumdingerUITests;
			productName = ScrumdingerUITests;
			productReference = 2017EA6D2A72EF2700F5F91E /* ScrumdingerUITests.xctest */;
			productType = "com.apple.product-type.bundle.ui-testing";
		};
/* End PBXNativeTarget section */

/* Begin PBXProject section */
		2017EA4B2A72EF2400F5F91E /* Project object */ = {
			isa = PBXProject;
			attributes = {
				BuildIndependentTargetsInParallel = 1;
				LastSwiftUpdateCheck = 1420;
				LastUpgradeCheck = 1420;
				TargetAttributes = {
					2017EA522A72EF2400F5F91E = {
						CreatedOnToolsVersion = 14.2;
					};
					2017EA622A72EF2700F5F91E = {
						CreatedOnToolsVersion = 14.2;
						TestTargetID = 2017EA522A72EF2400F5F91E;
					};
					2017EA6C2A72EF2700F5F91E = {
						CreatedOnToolsVersion = 14.2;
						TestTargetID = 2017EA522A72EF2400F5F91E;
					};
				};
			};
			buildConfigurationList = 2017EA4E2A72EF2400F5F91E /* Build configuration list for PBXProject "Scrumdinger" */;
			compatibilityVersion = "Xcode 14.0";
			developmentRegion = en;
			hasScannedForEncodings = 0;
			knownRegions = (
				en,
				Base,
			);
			mainGroup = 2017EA4A2A72EF2400F5F91E;
			productRefGroup = 2017EA542A72EF2400F5F91E /* Products */;
			projectDirPath = "";
			projectRoot = "";
			targets = (
				2017EA522A72EF2400F5F91E /* Scrumdinger */,
				2017EA622A72EF2700F5F91E /* ScrumdingerTests */,
				2017EA6C2A72EF2700F5F91E /* ScrumdingerUITests */,
			);
		};
/* End PBXProject section */

/* Begin PBXResourcesBuildPhase section */
		2017EA512A72EF2400F5F91E /* Resources */ = {
			isa = PBXResourcesBuildPhase;
			buildActionMask = 2147483647;
			files = (
				20B460BA2A7316BE00B6287E /* README.md in Resources */,
				2017EA5E2A72EF2600F5F91E /* Preview Assets.xcassets in Resources */,
				2017EA5B2A72EF2600F5F91E /* Assets.xcassets in Resources */,
			);
			runOnlyForDeploymentPostprocessing = 0;
		};
		2017EA612A72EF2700F5F91E /* Resources */ = {
			isa = PBXResourcesBuildPhase;
			buildActionMask = 2147483647;
			files = (
			);
			runOnlyForDeploymentPostprocessing = 0;
		};
		2017EA6B2A72EF2700F5F91E /* Resources */ = {
			isa = PBXResourcesBuildPhase;
			buildActionMask = 2147483647;
			files = (
			);
			runOnlyForDeploymentPostprocessing = 0;
		};
/* End PBXResourcesBuildPhase section */

/* Begin PBXSourcesBuildPhase section */
		2017EA4F2A72EF2400F5F91E /* Sources */ = {
			isa = PBXSourcesBuildPhase;
			buildActionMask = 2147483647;
			files = (
				2017EA862A7300F000F5F91E /* DailyScrum.swift in Sources */,
				20B460BE2A73204600B6287E /* DetailView.swift in Sources */,
				20B460B62A7311D400B6287E /* TrailingIconLabelStyle.swift in Sources */,
				2017EA842A72FE9100F5F91E /* Theme.swift in Sources */,
				20B460BC2A7317AF00B6287E /* ScrumsView.swift in Sources */,
				2017EA592A72EF2400F5F91E /* MeetingView.swift in Sources */,
				2017EA572A72EF2400F5F91E /* ScrumdingerApp.swift in Sources */,
				2017EA882A73024600F5F91E /* CardView.swift in Sources */,
			);
			runOnlyForDeploymentPostprocessing = 0;
		};
		2017EA5F2A72EF2700F5F91E /* Sources */ = {
			isa = PBXSourcesBuildPhase;
			buildActionMask = 2147483647;
			files = (
				2017EA682A72EF2700F5F91E /* ScrumdingerTests.swift in Sources */,
			);
			runOnlyForDeploymentPostprocessing = 0;
		};
		2017EA692A72EF2700F5F91E /* Sources */ = {
			isa = PBXSourcesBuildPhase;
			buildActionMask = 2147483647;
			files = (
				2017EA742A72EF2700F5F91E /* ScrumdingerUITestsLaunchTests.swift in Sources */,
				2017EA722A72EF2700F5F91E /* ScrumdingerUITests.swift in Sources */,
			);
			runOnlyForDeploymentPostprocessing = 0;
		};
/* End PBXSourcesBuildPhase section */

/* Begin PBXTargetDependency section */
		2017EA652A72EF2700F5F91E /* PBXTargetDependency */ = {
			isa = PBXTargetDependency;
			target = 2017EA522A72EF2400F5F91E /* Scrumdinger */;
			targetProxy = 2017EA642A72EF2700F5F91E /* PBXContainerItemProxy */;
		};
		2017EA6F2A72EF2700F5F91E /* PBXTargetDependency */ = {
			isa = PBXTargetDependency;
			target = 2017EA522A72EF2400F5F91E /* Scrumdinger */;
			targetProxy = 2017EA6E2A72EF2700F5F91E /* PBXContainerItemProxy */;
		};
/* End PBXTargetDependency section */

/* Begin XCBuildConfiguration section */
		2017EA752A72EF2700F5F91E /* Debug */ = {
			isa = XCBuildConfiguration;
			buildSettings = {
				ALWAYS_SEARCH_USER_PATHS = NO;
				CLANG_ANALYZER_NONNULL = YES;
				CLANG_ANALYZER_NUMBER_OBJECT_CONVERSION = YES_AGGRESSIVE;
				CLANG_CXX_LANGUAGE_STANDARD = "gnu++20";
				CLANG_ENABLE_MODULES = YES;
				CLANG_ENABLE_OBJC_ARC = YES;
				CLANG_ENABLE_OBJC_WEAK = YES;
				CLANG_WARN_BLOCK_CAPTURE_AUTORELEASING = YES;
				CLANG_WARN_BOOL_CONVERSION = YES;
				CLANG_WARN_COMMA = YES;
				CLANG_WARN_CONSTANT_CONVERSION = YES;
				CLANG_WARN_DEPRECATED_OBJC_IMPLEMENTATIONS = YES;
				CLANG_WARN_DIRECT_OBJC_ISA_USAGE = YES_ERROR;
				CLANG_WARN_DOCUMENTATION_COMMENTS = YES;
				CLANG_WARN_EMPTY_BODY = YES;
				CLANG_WARN_ENUM_CONVERSION = YES;
				CLANG_WARN_INFINITE_RECURSION = YES;
				CLANG_WARN_INT_CONVERSION = YES;
				CLANG_WARN_NON_LITERAL_NULL_CONVERSION = YES;
				CLANG_WARN_OBJC_IMPLICIT_RETAIN_SELF = YES;
				CLANG_WARN_OBJC_LITERAL_CONVERSION = YES;
				CLANG_WARN_OBJC_ROOT_CLASS = YES_ERROR;
				CLANG_WARN_QUOTED_INCLUDE_IN_FRAMEWORK_HEADER = YES;
				CLANG_WARN_RANGE_LOOP_ANALYSIS = YES;
				CLANG_WARN_STRICT_PROTOTYPES = YES;
				CLANG_WARN_SUSPICIOUS_MOVE = YES;
				CLANG_WARN_UNGUARDED_AVAILABILITY = YES_AGGRESSIVE;
				CLANG_WARN_UNREACHABLE_CODE = YES;
				CLANG_WARN__DUPLICATE_METHOD_MATCH = YES;
				COPY_PHASE_STRIP = NO;
				DEBUG_INFORMATION_FORMAT = dwarf;
				ENABLE_STRICT_OBJC_MSGSEND = YES;
				ENABLE_TESTABILITY = YES;
				GCC_C_LANGUAGE_STANDARD = gnu11;
				GCC_DYNAMIC_NO_PIC = NO;
				GCC_NO_COMMON_BLOCKS = YES;
				GCC_OPTIMIZATION_LEVEL = 0;
				GCC_PREPROCESSOR_DEFINITIONS = (
					"DEBUG=1",
					"$(inherited)",
				);
				GCC_WARN_64_TO_32_BIT_CONVERSION = YES;
				GCC_WARN_ABOUT_RETURN_TYPE = YES_ERROR;
				GCC_WARN_UNDECLARED_SELECTOR = YES;
				GCC_WARN_UNINITIALIZED_AUTOS = YES_AGGRESSIVE;
				GCC_WARN_UNUSED_FUNCTION = YES;
				GCC_WARN_UNUSED_VARIABLE = YES;
				IPHONEOS_DEPLOYMENT_TARGET = 16.2;
				MTL_ENABLE_DEBUG_INFO = INCLUDE_SOURCE;
				MTL_FAST_MATH = YES;
				ONLY_ACTIVE_ARCH = YES;
				SDKROOT = iphoneos;
				SWIFT_ACTIVE_COMPILATION_CONDITIONS = DEBUG;
				SWIFT_OPTIMIZATION_LEVEL = "-Onone";
			};
			name = Debug;
		};
		2017EA762A72EF2700F5F91E /* Release */ = {
			isa = XCBuildConfiguration;
			buildSettings = {
				ALWAYS_SEARCH_USER_PATHS = NO;
				CLANG_ANALYZER_NONNULL = YES;
				CLANG_ANALYZER_NUMBER_OBJECT_CONVERSION = YES_AGGRESSIVE;
				CLANG_CXX_LANGUAGE_STANDARD = "gnu++20";
				CLANG_ENABLE_MODULES = YES;
				CLANG_ENABLE_OBJC_ARC = YES;
				CLANG_ENABLE_OBJC_WEAK = YES;
				CLANG_WARN_BLOCK_CAPTURE_AUTORELEASING = YES;
				CLANG_WARN_BOOL_CONVERSION = YES;
				CLANG_WARN_COMMA = YES;
				CLANG_WARN_CONSTANT_CONVERSION = YES;
				CLANG_WARN_DEPRECATED_OBJC_IMPLEMENTATIONS = YES;
				CLANG_WARN_DIRECT_OBJC_ISA_USAGE = YES_ERROR;
				CLANG_WARN_DOCUMENTATION_COMMENTS = YES;
				CLANG_WARN_EMPTY_BODY = YES;
				CLANG_WARN_ENUM_CONVERSION = YES;
				CLANG_WARN_INFINITE_RECURSION = YES;
				CLANG_WARN_INT_CONVERSION = YES;
				CLANG_WARN_NON_LITERAL_NULL_CONVERSION = YES;
				CLANG_WARN_OBJC_IMPLICIT_RETAIN_SELF = YES;
				CLANG_WARN_OBJC_LITERAL_CONVERSION = YES;
				CLANG_WARN_OBJC_ROOT_CLASS = YES_ERROR;
				CLANG_WARN_QUOTED_INCLUDE_IN_FRAMEWORK_HEADER = YES;
				CLANG_WARN_RANGE_LOOP_ANALYSIS = YES;
				CLANG_WARN_STRICT_PROTOTYPES = YES;
				CLANG_WARN_SUSPICIOUS_MOVE = YES;
				CLANG_WARN_UNGUARDED_AVAILABILITY = YES_AGGRESSIVE;
				CLANG_WARN_UNREACHABLE_CODE = YES;
				CLANG_WARN__DUPLICATE_METHOD_MATCH = YES;
				COPY_PHASE_STRIP = NO;
				DEBUG_INFORMATION_FORMAT = "dwarf-with-dsym";
				ENABLE_NS_ASSERTIONS = NO;
				ENABLE_STRICT_OBJC_MSGSEND = YES;
				GCC_C_LANGUAGE_STANDARD = gnu11;
				GCC_NO_COMMON_BLOCKS = YES;
				GCC_WARN_64_TO_32_BIT_CONVERSION = YES;
				GCC_WARN_ABOUT_RETURN_TYPE = YES_ERROR;
				GCC_WARN_UNDECLARED_SELECTOR = YES;
				GCC_WARN_UNINITIALIZED_AUTOS = YES_AGGRESSIVE;
				GCC_WARN_UNUSED_FUNCTION = YES;
				GCC_WARN_UNUSED_VARIABLE = YES;
				IPHONEOS_DEPLOYMENT_TARGET = 16.2;
				MTL_ENABLE_DEBUG_INFO = NO;
				MTL_FAST_MATH = YES;
				SDKROOT = iphoneos;
				SWIFT_COMPILATION_MODE = wholemodule;
				SWIFT_OPTIMIZATION_LEVEL = "-O";
				VALIDATE_PRODUCT = YES;
			};
			name = Release;
		};
		2017EA782A72EF2700F5F91E /* Debug */ = {
			isa = XCBuildConfiguration;
			buildSettings = {
				ASSETCATALOG_COMPILER_APPICON_NAME = AppIcon;
				ASSETCATALOG_COMPILER_GLOBAL_ACCENT_COLOR_NAME = AccentColor;
				CODE_SIGN_STYLE = Automatic;
				CURRENT_PROJECT_VERSION = 1;
				DEVELOPMENT_ASSET_PATHS = "\"Scrumdinger/Preview Content\"";
				DEVELOPMENT_TEAM = 6C5HF6LVXR;
				ENABLE_PREVIEWS = YES;
				GENERATE_INFOPLIST_FILE = YES;
				INFOPLIST_KEY_UIApplicationSceneManifest_Generation = YES;
				INFOPLIST_KEY_UIApplicationSupportsIndirectInputEvents = YES;
				INFOPLIST_KEY_UILaunchScreen_Generation = YES;
				INFOPLIST_KEY_UISupportedInterfaceOrientations_iPad = "UIInterfaceOrientationPortrait UIInterfaceOrientationPortraitUpsideDown UIInterfaceOrientationLandscapeLeft UIInterfaceOrientationLandscapeRight";
				INFOPLIST_KEY_UISupportedInterfaceOrientations_iPhone = "UIInterfaceOrientationPortrait UIInterfaceOrientationLandscapeLeft UIInterfaceOrientationLandscapeRight";
				LD_RUNPATH_SEARCH_PATHS = (
					"$(inherited)",
					"@executable_path/Frameworks",
				);
				MARKETING_VERSION = 1.0;
				PRODUCT_BUNDLE_IDENTIFIER = com.example.Scrumdinger;
				PRODUCT_NAME = "$(TARGET_NAME)";
				SWIFT_EMIT_LOC_STRINGS = YES;
				SWIFT_VERSION = 5.0;
				TARGETED_DEVICE_FAMILY = "1,2";
			};
			name = Debug;
		};
		2017EA792A72EF2700F5F91E /* Release */ = {
			isa = XCBuildConfiguration;
			buildSettings = {
				ASSETCATALOG_COMPILER_APPICON_NAME = AppIcon;
				ASSETCATALOG_COMPILER_GLOBAL_ACCENT_COLOR_NAME = AccentColor;
				CODE_SIGN_STYLE = Automatic;
				CURRENT_PROJECT_VERSION = 1;
				DEVELOPMENT_ASSET_PATHS = "\"Scrumdinger/Preview Content\"";
				DEVELOPMENT_TEAM = 6C5HF6LVXR;
				ENABLE_PREVIEWS = YES;
				GENERATE_INFOPLIST_FILE = YES;
				INFOPLIST_KEY_UIApplicationSceneManifest_Generation = YES;
				INFOPLIST_KEY_UIApplicationSupportsIndirectInputEvents = YES;
				INFOPLIST_KEY_UILaunchScreen_Generation = YES;
				INFOPLIST_KEY_UISupportedInterfaceOrientations_iPad = "UIInterfaceOrientationPortrait UIInterfaceOrientationPortraitUpsideDown UIInterfaceOrientationLandscapeLeft UIInterfaceOrientationLandscapeRight";
				INFOPLIST_KEY_UISupportedInterfaceOrientations_iPhone = "UIInterfaceOrientationPortrait UIInterfaceOrientationLandscapeLeft UIInterfaceOrientationLandscapeRight";
				LD_RUNPATH_SEARCH_PATHS = (
					"$(inherited)",
					"@executable_path/Frameworks",
				);
				MARKETING_VERSION = 1.0;
				PRODUCT_BUNDLE_IDENTIFIER = com.example.Scrumdinger;
				PRODUCT_NAME = "$(TARGET_NAME)";
				SWIFT_EMIT_LOC_STRINGS = YES;
				SWIFT_VERSION = 5.0;
				TARGETED_DEVICE_FAMILY = "1,2";
			};
			name = Release;
		};
		2017EA7B2A72EF2700F5F91E /* Debug */ = {
			isa = XCBuildConfiguration;
			buildSettings = {
				ALWAYS_EMBED_SWIFT_STANDARD_LIBRARIES = YES;
				BUNDLE_LOADER = "$(TEST_HOST)";
				CODE_SIGN_STYLE = Automatic;
				CURRENT_PROJECT_VERSION = 1;
				DEVELOPMENT_TEAM = 6C5HF6LVXR;
				GENERATE_INFOPLIST_FILE = YES;
				IPHONEOS_DEPLOYMENT_TARGET = 16.2;
				MARKETING_VERSION = 1.0;
				PRODUCT_BUNDLE_IDENTIFIER = com.example.ScrumdingerTests;
				PRODUCT_NAME = "$(TARGET_NAME)";
				SWIFT_EMIT_LOC_STRINGS = NO;
				SWIFT_VERSION = 5.0;
				TARGETED_DEVICE_FAMILY = "1,2";
				TEST_HOST = "$(BUILT_PRODUCTS_DIR)/Scrumdinger.app/$(BUNDLE_EXECUTABLE_FOLDER_PATH)/Scrumdinger";
			};
			name = Debug;
		};
		2017EA7C2A72EF2700F5F91E /* Release */ = {
			isa = XCBuildConfiguration;
			buildSettings = {
				ALWAYS_EMBED_SWIFT_STANDARD_LIBRARIES = YES;
				BUNDLE_LOADER = "$(TEST_HOST)";
				CODE_SIGN_STYLE = Automatic;
				CURRENT_PROJECT_VERSION = 1;
				DEVELOPMENT_TEAM = 6C5HF6LVXR;
				GENERATE_INFOPLIST_FILE = YES;
				IPHONEOS_DEPLOYMENT_TARGET = 16.2;
				MARKETING_VERSION = 1.0;
				PRODUCT_BUNDLE_IDENTIFIER = com.example.ScrumdingerTests;
				PRODUCT_NAME = "$(TARGET_NAME)";
				SWIFT_EMIT_LOC_STRINGS = NO;
				SWIFT_VERSION = 5.0;
				TARGETED_DEVICE_FAMILY = "1,2";
				TEST_HOST = "$(BUILT_PRODUCTS_DIR)/Scrumdinger.app/$(BUNDLE_EXECUTABLE_FOLDER_PATH)/Scrumdinger";
			};
			name = Release;
		};
		2017EA7E2A72EF2700F5F91E /* Debug */ = {
			isa = XCBuildConfiguration;
			buildSettings = {
				ALWAYS_EMBED_SWIFT_STANDARD_LIBRARIES = YES;
				CODE_SIGN_STYLE = Automatic;
				CURRENT_PROJECT_VERSION = 1;
				DEVELOPMENT_TEAM = 6C5HF6LVXR;
				GENERATE_INFOPLIST_FILE = YES;
				MARKETING_VERSION = 1.0;
				PRODUCT_BUNDLE_IDENTIFIER = com.example.ScrumdingerUITests;
				PRODUCT_NAME = "$(TARGET_NAME)";
				SWIFT_EMIT_LOC_STRINGS = NO;
				SWIFT_VERSION = 5.0;
				TARGETED_DEVICE_FAMILY = "1,2";
				TEST_TARGET_NAME = Scrumdinger;
			};
			name = Debug;
		};
		2017EA7F2A72EF2700F5F91E /* Release */ = {
			isa = XCBuildConfiguration;
			buildSettings = {
				ALWAYS_EMBED_SWIFT_STANDARD_LIBRARIES = YES;
				CODE_SIGN_STYLE = Automatic;
				CURRENT_PROJECT_VERSION = 1;
				DEVELOPMENT_TEAM = 6C5HF6LVXR;
				GENERATE_INFOPLIST_FILE = YES;
				MARKETING_VERSION = 1.0;
				PRODUCT_BUNDLE_IDENTIFIER = com.example.ScrumdingerUITests;
				PRODUCT_NAME = "$(TARGET_NAME)";
				SWIFT_EMIT_LOC_STRINGS = NO;
				SWIFT_VERSION = 5.0;
				TARGETED_DEVICE_FAMILY = "1,2";
				TEST_TARGET_NAME = Scrumdinger;
			};
			name = Release;
		};
/* End XCBuildConfiguration section */

/* Begin XCConfigurationList section */
		2017EA4E2A72EF2400F5F91E /* Build configuration list for PBXProject "Scrumdinger" */ = {
			isa = XCConfigurationList;
			buildConfigurations = (
				2017EA752A72EF2700F5F91E /* Debug */,
				2017EA762A72EF2700F5F91E /* Release */,
			);
			defaultConfigurationIsVisible = 0;
			defaultConfigurationName = Release;
		};
		2017EA772A72EF2700F5F91E /* Build configuration list for PBXNativeTarget "Scrumdinger" */ = {
			isa = XCConfigurationList;
			buildConfigurations = (
				2017EA782A72EF2700F5F91E /* Debug */,
				2017EA792A72EF2700F5F91E /* Release */,
			);
			defaultConfigurationIsVisible = 0;
			defaultConfigurationName = Release;
		};
		2017EA7A2A72EF2700F5F91E /* Build configuration list for PBXNativeTarget "ScrumdingerTests" */ = {
			isa = XCConfigurationList;
			buildConfigurations = (
				2017EA7B2A72EF2700F5F91E /* Debug */,
				2017EA7C2A72EF2700F5F91E /* Release */,
			);
			defaultConfigurationIsVisible = 0;
			defaultConfigurationName = Release;
		};
		2017EA7D2A72EF2700F5F91E /* Build configuration list for PBXNativeTarget "ScrumdingerUITests" */ = {
			isa = XCConfigurationList;
			buildConfigurations = (
				2017EA7E2A72EF2700F5F91E /* Debug */,
				2017EA7F2A72EF2700F5F91E /* Release */,
			);
			defaultConfigurationIsVisible = 0;
			defaultConfigurationName = Release;
		};
/* End XCConfigurationList section */
	};
	rootObject = 2017EA4B2A72EF2400F5F91E /* Project object */;
}
